{
  "name": "07-01-typescript",
  "lockfileVersion": 3,
  "requires": true,
  "packages": {
    "": {
      "devDependencies": {
        "@tsconfig/recommended": "^1.0.3"
      }
    },
    "node_modules/@tsconfig/recommended": {
      "version": "1.0.3",
      "resolved": "https://registry.npmjs.org/@tsconfig/recommended/-/recommended-1.0.3.tgz",
      "integrity": "sha512-+jby/Guq9H8O7NWgCv6X8VAiQE8Dr/nccsCtL74xyHKhu2Knu5EAKmOZj3nLCnLm1KooUzKY+5DsnGVqhM8/wQ==",
      "dev": true
    }
  }
}
