# THIS IS AN AUTOGENERATED FILE. DO NOT EDIT THIS FILE DIRECTLY.
# yarn lockfile v1


"@tsconfig/recommended@^1.0.3":
  version "1.0.3"
  resolved "https://registry.yarnpkg.com/@tsconfig/recommended/-/recommended-1.0.3.tgz#742540ba9170897a44097e838bca411abf56ccd2"
  integrity sha512-+jby/Guq9H8O7NWgCv6X8VAiQE8Dr/nccsCtL74xyHKhu2Knu5EAKmOZj3nLCnLm1KooUzKY+5DsnGVqhM8/wQ==
